Microsoft Visual Studio Solution File, Format Version 12.00
# Visual Studio 2012
Project("{FAE04EC0-301F-11D3-BF4B-00C04F79EFBC}") = "s11_ui_controls", "s11_ui_controls.csproj", "{20C49817-BFE4-4F8D-8A64-CE19DA5F8D0C}"
EndProject
Global
	GlobalSection(SolutionConfigurationPlatforms) = preSolution
	Debug|Any CPU = Debug|Any CPU
	ExportDebug|Any CPU = ExportDebug|Any CPU
	ExportRelease|Any CPU = ExportRelease|Any CPU
	EndGlobalSection
	GlobalSection(ProjectConfigurationPlatforms) = postSolution
		{20C49817-BFE4-4F8D-8A64-CE19DA5F8D0C}.Debug|Any CPU.ActiveCfg = Debug|Any CPU
		{20C49817-BFE4-4F8D-8A64-CE19DA5F8D0C}.Debug|Any CPU.Build.0 = Debug|Any CPU
		{20C49817-BFE4-4F8D-8A64-CE19DA5F8D0C}.ExportDebug|Any CPU.ActiveCfg = ExportDebug|Any CPU
		{20C49817-BFE4-4F8D-8A64-CE19DA5F8D0C}.ExportDebug|Any CPU.Build.0 = ExportDebug|Any CPU
		{20C49817-BFE4-4F8D-8A64-CE19DA5F8D0C}.ExportRelease|Any CPU.ActiveCfg = ExportRelease|Any CPU
		{20C49817-BFE4-4F8D-8A64-CE19DA5F8D0C}.ExportRelease|Any CPU.Build.0 = ExportRelease|Any CPU
	EndGlobalSection
EndGlobal
