Microsoft Visual Studio Solution File, Format Version 12.00
# Visual Studio 2012
Project("{FAE04EC0-301F-11D3-BF4B-00C04F79EFBC}") = "c01d_process", "c01d_process.csproj", "{498F0919-9101-45B7-8D93-28285CC6D8C7}"
EndProject
Global
	GlobalSection(SolutionConfigurationPlatforms) = preSolution
	Debug|Any CPU = Debug|Any CPU
	ExportDebug|Any CPU = ExportDebug|Any CPU
	ExportRelease|Any CPU = ExportRelease|Any CPU
	EndGlobalSection
	GlobalSection(ProjectConfigurationPlatforms) = postSolution
		{498F0919-9101-45B7-8D93-28285CC6D8C7}.Debug|Any CPU.ActiveCfg = Debug|Any CPU
		{498F0919-9101-45B7-8D93-28285CC6D8C7}.Debug|Any CPU.Build.0 = Debug|Any CPU
		{498F0919-9101-45B7-8D93-28285CC6D8C7}.ExportDebug|Any CPU.ActiveCfg = ExportDebug|Any CPU
		{498F0919-9101-45B7-8D93-28285CC6D8C7}.ExportDebug|Any CPU.Build.0 = ExportDebug|Any CPU
		{498F0919-9101-45B7-8D93-28285CC6D8C7}.ExportRelease|Any CPU.ActiveCfg = ExportRelease|Any CPU
		{498F0919-9101-45B7-8D93-28285CC6D8C7}.ExportRelease|Any CPU.Build.0 = ExportRelease|Any CPU
	EndGlobalSection
EndGlobal
